// !$*UTF8*$!
{
	archiveVersion = 1;
	classes = {
	};
	objectVersion = 50;
	objects = {

/* Begin PBXBuildFile section */
		FAAEEDDD235D160A00C40B77 /* AppDelegate.swift in Sources */ = {isa = PBXBuildFile; fileRef = FAAEEDDC235D160A00C40B77 /* AppDelegate.swift */; };
		FAAEEDDF235D160A00C40B77 /* SceneDelegate.swift in Sources */ = {isa = PBXBuildFile; fileRef = FAAEEDDE235D160A00C40B77 /* SceneDelegate.swift */; };
		FAAEEDE1235D160A00C40B77 /* ViewController.swift in Sources */ = {isa = PBXBuildFile; fileRef = FAAEEDE0235D160A00C40B77 /* ViewController.swift */; };
		FAAEEDE4235D160A00C40B77 /* Main.storyboard in Resources */ = {isa = PBXBuildFile; fileRef = FAAEEDE2235D160A00C40B77 /* Main.storyboard */; };
		FAAEEDE6235D160C00C40B77 /* Assets.xcassets in Resources */ = {isa = PBXBuildFile; fileRef = FAAEEDE5235D160C00C40B77 /* Assets.xcassets */; };
		FAAEEDE9235D160C00C40B77 /* LaunchScreen.storyboard in Resources */ = {isa = PBXBuildFile; fileRef = FAAEEDE7235D160C00C40B77 /* LaunchScreen.storyboard */; };
/* End PBXBuildFile section */

/* Begin PBXFileReference section */
		FAAEEDD9235D160A00C40B77 /* PhoneVerification.app */ = {isa = PBXFileReference; explicitFileType = wrapper.application; includeInIndex = 0; path = PhoneVerification.app; sourceTree = BUILT_PRODUCTS_DIR; };
		FAAEEDDC235D160A00C40B77 /* AppDelegate.swift */ = {isa = PBXFileReference; lastKnownFileType = sourcecode.swift; path = AppDelegate.swift; sourceTree = "<group>"; };
		FAAEEDDE235D160A00C40B77 /* SceneDelegate.swift */ = {isa = PBXFileReference; lastKnownFileType = sourcecode.swift; path = SceneDelegate.swift; sourceTree = "<group>"; };
		FAAEEDE0235D160A00C40B77 /* ViewController.swift */ = {isa = PBXFileReference; lastKnownFileType = sourcecode.swift; path = ViewController.swift; sourceTree = "<group>"; };
		FAAEEDE3235D160A00C40B77 /* Base */ = {isa = PBXFileReference; lastKnownFileType = file.storyboard; name = Base; path = Base.lproj/Main.storyboard; sourceTree = "<group>"; };
		FAAEEDE5235D160C00C40B77 /* Assets.xcassets */ = {isa = PBXFileReference; lastKnownFileType = folder.assetcatalog; path = Assets.xcassets; sourceTree = "<group>"; };
		FAAEEDE8235D160C00C40B77 /* Base */ = {isa = PBXFileReference; lastKnownFileType = file.storyboard; name = Base; path = Base.lproj/LaunchScreen.storyboard; sourceTree = "<group>"; };
		FAAEEDEA235D160C00C40B77 /* Info.plist */ = {isa = PBXFileReference; lastKnownFileType = text.plist.xml; path = Info.plist; sourceTree = "<group>"; };
/* End PBXFileReference section */

/* Begin PBXFrameworksBuildPhase section */
		FAAEEDD6235D160A00C40B77 /* Frameworks */ = {
			isa = PBXFrameworksBuildPhase;
			buildActionMask = 2147483647;
			files = (
			);
			runOnlyForDeploymentPostprocessing = 0;
		};
/* End PBXFrameworksBuildPhase section */

/* Begin PBXGroup section */
		FAAEEDD0235D160A00C40B77 = {
			isa = PBXGroup;
			children = (
				FAAEEDDB235D160A00C40B77 /* PhoneVerification */,
				FAAEEDDA235D160A00C40B77 /* Products */,
			);
			sourceTree = "<group>";
		};
		FAAEEDDA235D160A00C40B77 /* Products */ = {
			isa = PBXGroup;
			children = (
				FAAEEDD9235D160A00C40B77 /* PhoneVerification.app */,
			);
			name = Products;
			sourceTree = "<group>";
		};
		FAAEEDDB235D160A00C40B77 /* PhoneVerification */ = {
			isa = PBXGroup;
			children = (
				FAAEEDDC235D160A00C40B77 /* AppDelegate.swift */,
				FAAEEDDE235D160A00C40B77 /* SceneDelegate.swift */,
				FAAEEDE0235D160A00C40B77 /* ViewController.swift */,
				FAAEEDE2235D160A00C40B77 /* Main.storyboard */,
				FAAEEDE5235D160C00C40B77 /* Assets.xcassets */,
				FAAEEDE7235D160C00C40B77 /* LaunchScreen.storyboard */,
				FAAEEDEA235D160C00C40B77 /* Info.plist */,
			);
			path = PhoneVerification;
			sourceTree = "<group>";
		};
/* End PBXGroup section */

/* Begin PBXNativeTarget section */
		FAAEEDD8235D160A00C40B77 /* PhoneVerification */ = {
			isa = PBXNativeTarget;
			buildConfigurationList = FAAEEDED235D160C00C40B77 /* Build configuration list for PBXNativeTarget "PhoneVerification" */;
			buildPhases = (
				FAAEEDD5235D160A00C40B77 /* Sources */,
				FAAEEDD6235D160A00C40B77 /* Frameworks */,
				FAAEEDD7235D160A00C40B77 /* Resources */,
			);
			buildRules = (
			);
			dependencies = (
			);
			name = PhoneVerification;
			productName = PhoneVerification;
			productReference = FAAEEDD9235D160A00C40B77 /* PhoneVerification.app */;
			productType = "com.apple.product-type.application";
		};
/* End PBXNativeTarget section */

/* Begin PBXProject section */
		FAAEEDD1235D160A00C40B77 /* Project object */ = {
			isa = PBXProject;
			attributes = {
				LastSwiftUpdateCheck = 1110;
				LastUpgradeCheck = 1110;
				ORGANIZATIONNAME = Alex;
				TargetAttributes = {
					FAAEEDD8235D160A00C40B77 = {
						CreatedOnToolsVersion = 11.1;
					};
				};
			};
			buildConfigurationList = FAAEEDD4235D160A00C40B77 /* Build configuration list for PBXProject "PhoneVerification" */;
			compatibilityVersion = "Xcode 9.3";
			developmentRegion = en;
			hasScannedForEncodings = 0;
			knownRegions = (
				en,
				Base,
			);
			mainGroup = FAAEEDD0235D160A00C40B77;
			productRefGroup = FAAEEDDA235D160A00C40B77 /* Products */;
			projectDirPath = "";
			projectRoot = "";
			targets = (
				FAAEEDD8235D160A00C40B77 /* PhoneVerification */,
			);
		};
/* End PBXProject section */

/* Begin PBXResourcesBuildPhase section */
		FAAEEDD7235D160A00C40B77 /* Resources */ = {
			isa = PBXResourcesBuildPhase;
			buildActionMask = 2147483647;
			files = (
				FAAEEDE9235D160C00C40B77 /* LaunchScreen.storyboard in Resources */,
				FAAEEDE6235D160C00C40B77 /* Assets.xcassets in Resources */,
				FAAEEDE4235D160A00C40B77 /* Main.storyboard in Resources */,
			);
			runOnlyForDeploymentPostprocessing = 0;
		};
/* End PBXResourcesBuildPhase section */

/* Begin PBXSourcesBuildPhase section */
		FAAEEDD5235D160A00C40B77 /* Sources */ = {
			isa = PBXSourcesBuildPhase;
			buildActionMask = 2147483647;
			files = (
				FAAEEDE1235D160A00C40B77 /* ViewController.swift in Sources */,
				FAAEEDDD235D160A00C40B77 /* AppDelegate.swift in Sources */,
				FAAEEDDF235D160A00C40B77 /* SceneDelegate.swift in Sources */,
			);
			runOnlyForDeploymentPostprocessing = 0;
		};
/* End PBXSourcesBuildPhase section */

/* Begin PBXVariantGroup section */
		FAAEEDE2235D160A00C40B77 /* Main.storyboard */ = {
			isa = PBXVariantGroup;
			children = (
				FAAEEDE3235D160A00C40B77 /* Base */,
			);
			name = Main.storyboard;
			sourceTree = "<group>";
		};
		FAAEEDE7235D160C00C40B77 /* LaunchScreen.storyboard */ = {
			isa = PBXVariantGroup;
			children = (
				FAAEEDE8235D160C00C40B77 /* Base */,
			);
			name = LaunchScreen.storyboard;
			sourceTree = "<group>";
		};
/* End PBXVariantGroup section */

/* Begin XCBuildConfiguration section */
		FAAEEDEB235D160C00C40B77 /* Debug */ = {
			isa = XCBuildConfiguration;
			buildSettings = {
				ALWAYS_SEARCH_USER_PATHS = NO;
				CLANG_ANALYZER_NONNULL = YES;
				CLANG_ANALYZER_NUMBER_OBJECT_CONVERSION = YES_AGGRESSIVE;
				CLANG_CXX_LANGUAGE_STANDARD = "gnu++14";
				CLANG_CXX_LIBRARY = "libc++";
				CLANG_ENABLE_MODULES = YES;
				CLANG_ENABLE_OBJC_ARC = YES;
				CLANG_ENABLE_OBJC_WEAK = YES;
				CLANG_WARN_BLOCK_CAPTURE_AUTORELEASING = YES;
				CLANG_WARN_BOOL_CONVERSION = YES;
				CLANG_WARN_COMMA = YES;
				CLANG_WARN_CONSTANT_CONVERSION = YES;
				CLANG_WARN_DEPRECATED_OBJC_IMPLEMENTATIONS = YES;
				CLANG_WARN_DIRECT_OBJC_ISA_USAGE = YES_ERROR;
				CLANG_WARN_DOCUMENTATION_COMMENTS = YES;
				CLANG_WARN_EMPTY_BODY = YES;
				CLANG_WARN_ENUM_CONVERSION = YES;
				CLANG_WARN_INFINITE_RECURSION = YES;
				CLANG_WARN_INT_CONVERSION = YES;
				CLANG_WARN_NON_LITERAL_NULL_CONVERSION = YES;
				CLANG_WARN_OBJC_IMPLICIT_RETAIN_SELF = YES;
				CLANG_WARN_OBJC_LITERAL_CONVERSION = YES;
				CLANG_WARN_OBJC_ROOT_CLASS = YES_ERROR;
				CLANG_WARN_RANGE_LOOP_ANALYSIS = YES;
				CLANG_WARN_STRICT_PROTOTYPES = YES;
				CLANG_WARN_SUSPICIOUS_MOVE = YES;
				CLANG_WARN_UNGUARDED_AVAILABILITY = YES_AGGRESSIVE;
				CLANG_WARN_UNREACHABLE_CODE = YES;
				CLANG_WARN__DUPLICATE_METHOD_MATCH = YES;
				COPY_PHASE_STRIP = NO;
				DEBUG_INFORMATION_FORMAT = dwarf;
				ENABLE_STRICT_OBJC_MSGSEND = YES;
				ENABLE_TESTABILITY = YES;
				GCC_C_LANGUAGE_STANDARD = gnu11;
				GCC_DYNAMIC_NO_PIC = NO;
				GCC_NO_COMMON_BLOCKS = YES;
				GCC_OPTIMIZATION_LEVEL = 0;
				GCC_PREPROCESSOR_DEFINITIONS = (
					"DEBUG=1",
					"$(inherited)",
				);
				GCC_WARN_64_TO_32_BIT_CONVERSION = YES;
				GCC_WARN_ABOUT_RETURN_TYPE = YES_ERROR;
				GCC_WARN_UNDECLARED_SELECTOR = YES;
				GCC_WARN_UNINITIALIZED_AUTOS = YES_AGGRESSIVE;
				GCC_WARN_UNUSED_FUNCTION = YES;
				GCC_WARN_UNUSED_VARIABLE = YES;
				IPHONEOS_DEPLOYMENT_TARGET = 13.1;
				MTL_ENABLE_DEBUG_INFO = INCLUDE_SOURCE;
				MTL_FAST_MATH = YES;
				ONLY_ACTIVE_ARCH = YES;
				SDKROOT = iphoneos;
				SWIFT_ACTIVE_COMPILATION_CONDITIONS = DEBUG;
				SWIFT_OPTIMIZATION_LEVEL = "-Onone";
			};
			name = Debug;
		};
		FAAEEDEC235D160C00C40B77 /* Release */ = {
			isa = XCBuildConfiguration;
			buildSettings = {
				ALWAYS_SEARCH_USER_PATHS = NO;
				CLANG_ANALYZER_NONNULL = YES;
				CLANG_ANALYZER_NUMBER_OBJECT_CONVERSION = YES_AGGRESSIVE;
				CLANG_CXX_LANGUAGE_STANDARD = "gnu++14";
				CLANG_CXX_LIBRARY = "libc++";
				CLANG_ENABLE_MODULES = YES;
				CLANG_ENABLE_OBJC_ARC = YES;
				CLANG_ENABLE_OBJC_WEAK = YES;
				CLANG_WARN_BLOCK_CAPTURE_AUTORELEASING = YES;
				CLANG_WARN_BOOL_CONVERSION = YES;
				CLANG_WARN_COMMA = YES;
				CLANG_WARN_CONSTANT_CONVERSION = YES;
				CLANG_WARN_DEPRECATED_OBJC_IMPLEMENTATIONS = YES;
				CLANG_WARN_DIRECT_OBJC_ISA_USAGE = YES_ERROR;
				CLANG_WARN_DOCUMENTATION_COMMENTS = YES;
				CLANG_WARN_EMPTY_BODY = YES;
				CLANG_WARN_ENUM_CONVERSION = YES;
				CLANG_WARN_INFINITE_RECURSION = YES;
				CLANG_WARN_INT_CONVERSION = YES;
				CLANG_WARN_NON_LITERAL_NULL_CONVERSION = YES;
				CLANG_WARN_OBJC_IMPLICIT_RETAIN_SELF = YES;
				CLANG_WARN_OBJC_LITERAL_CONVERSION = YES;
				CLANG_WARN_OBJC_ROOT_CLASS = YES_ERROR;
				CLANG_WARN_RANGE_LOOP_ANALYSIS = YES;
				CLANG_WARN_STRICT_PROTOTYPES = YES;
				CLANG_WARN_SUSPICIOUS_MOVE = YES;
				CLANG_WARN_UNGUARDED_AVAILABILITY = YES_AGGRESSIVE;
				CLANG_WARN_UNREACHABLE_CODE = YES;
				CLANG_WARN__DUPLICATE_METHOD_MATCH = YES;
				COPY_PHASE_STRIP = NO;
				DEBUG_INFORMATION_FORMAT = "dwarf-with-dsym";
				ENABLE_NS_ASSERTIONS = NO;
				ENABLE_STRICT_OBJC_MSGSEND = YES;
				GCC_C_LANGUAGE_STANDARD = gnu11;
				GCC_NO_COMMON_BLOCKS = YES;
				GCC_WARN_64_TO_32_BIT_CONVERSION = YES;
				GCC_WARN_ABOUT_RETURN_TYPE = YES_ERROR;
				GCC_WARN_UNDECLARED_SELECTOR = YES;
				GCC_WARN_UNINITIALIZED_AUTOS = YES_AGGRESSIVE;
				GCC_WARN_UNUSED_FUNCTION = YES;
				GCC_WARN_UNUSED_VARIABLE = YES;
				IPHONEOS_DEPLOYMENT_TARGET = 13.1;
				MTL_ENABLE_DEBUG_INFO = NO;
				MTL_FAST_MATH = YES;
				SDKROOT = iphoneos;
				SWIFT_COMPILATION_MODE = wholemodule;
				SWIFT_OPTIMIZATION_LEVEL = "-O";
				VALIDATE_PRODUCT = YES;
			};
			name = Release;
		};
		FAAEEDEE235D160C00C40B77 /* Debug */ = {
			isa = XCBuildConfiguration;
			buildSettings = {
				ASSETCATALOG_COMPILER_APPICON_NAME = AppIcon;
				CODE_SIGN_STYLE = Automatic;
				DEVELOPMENT_TEAM = HQP2ZWNS2F;
				INFOPLIST_FILE = PhoneVerification/Info.plist;
				LD_RUNPATH_SEARCH_PATHS = (
					"$(inherited)",
					"@executable_path/Frameworks",
				);
				PRODUCT_BUNDLE_IDENTIFIER = com.weekend.PhoneVerification;
				PRODUCT_NAME = "$(TARGET_NAME)";
				SWIFT_VERSION = 5.0;
				TARGETED_DEVICE_FAMILY = "1,2";
			};
			name = Debug;
		};
		FAAEEDEF235D160C00C40B77 /* Release */ = {
			isa = XCBuildConfiguration;
			buildSettings = {
				ASSETCATALOG_COMPILER_APPICON_NAME = AppIcon;
				CODE_SIGN_STYLE = Automatic;
				DEVELOPMENT_TEAM = HQP2ZWNS2F;
				INFOPLIST_FILE = PhoneVerification/Info.plist;
				LD_RUNPATH_SEARCH_PATHS = (
					"$(inherited)",
					"@executable_path/Frameworks",
				);
				PRODUCT_BUNDLE_IDENTIFIER = com.weekend.PhoneVerification;
				PRODUCT_NAME = "$(TARGET_NAME)";
				SWIFT_VERSION = 5.0;
				TARGETED_DEVICE_FAMILY = "1,2";
			};
			name = Release;
		};
/* End XCBuildConfiguration section */

/* Begin XCConfigurationList section */
		FAAEEDD4235D160A00C40B77 /* Build configuration list for PBXProject "PhoneVerification" */ = {
			isa = XCConfigurationList;
			buildConfigurations = (
				FAAEEDEB235D160C00C40B77 /* Debug */,
				FAAEEDEC235D160C00C40B77 /* Release */,
			);
			defaultConfigurationIsVisible = 0;
			defaultConfigurationName = Release;
		};
		FAAEEDED235D160C00C40B77 /* Build configuration list for PBXNativeTarget "PhoneVerification" */ = {
			isa = XCConfigurationList;
			buildConfigurations = (
				FAAEEDEE235D160C00C40B77 /* Debug */,
				FAAEEDEF235D160C00C40B77 /* Release */,
			);
			defaultConfigurationIsVisible = 0;
			defaultConfigurationName = Release;
		};
/* End XCConfigurationList section */
	};
	rootObject = FAAEEDD1235D160A00C40B77 /* Project object */;
}
